
Microsoft Visual Studio Solution File, Format Version 12.00
# Visual Studio Version 17
VisualStudioVersion = 17.3.32611.2
MinimumVisualStudioVersion = 10.0.40219.1
Project("{9A19103F-16F7-4668-BE54-9A1E7A4F7556}") = "IdentityServer", "IdentityServer\IdentityServer.csproj", "{62F9EAE2-55F8-40C5-93E1-630E2B1A1E0B}"
EndProject
Global
	GlobalSection(SolutionConfigurationPlatforms) = preSolution
		Debug|Any CPU = Debug|Any CPU
		Release|Any CPU = Release|Any CPU
	EndGlobalSection
	GlobalSection(ProjectConfigurationPlatforms) = postSolution
		{62F9EAE2-55F8-40C5-93E1-630E2B1A1E0B}.Debug|Any CPU.ActiveCfg = Debug|Any CPU
		{62F9EAE2-55F8-40C5-93E1-630E2B1A1E0B}.Debug|Any CPU.Build.0 = Debug|Any CPU
		{62F9EAE2-55F8-40C5-93E1-630E2B1A1E0B}.Release|Any CPU.ActiveCfg = Release|Any CPU
		{62F9EAE2-55F8-40C5-93E1-630E2B1A1E0B}.Release|Any CPU.Build.0 = Release|Any CPU
	EndGlobalSection
	GlobalSection(SolutionProperties) = preSolution
		HideSolutionNode = FALSE
	EndGlobalSection
	GlobalSection(ExtensibilityGlobals) = postSolution
		SolutionGuid = {6078D71B-EA77-448E-A986-8FC5E6B743B5}
	EndGlobalSection
EndGlobal
